
Microsoft Visual Studio Solution File, Format Version 12.00
# Visual Studio Version 17
VisualStudioVersion = 17.12.35514.174 d17.12
MinimumVisualStudioVersion = 10.0.40219.1
Project("{8BC9CEB8-8B4A-11D0-8D11-00A0C91BC942}") = "GuangFengApp", "GuangFengApp\GuangFengApp.vcxproj", "{D22DEC64-9FF8-4629-B8B8-2E12B423EBFB}"
EndProject
Global
	GlobalSection(SolutionConfigurationPlatforms) = preSolution
		Debug|x64 = Debug|x64
		Release|x64 = Release|x64
	EndGlobalSection
	GlobalSection(ProjectConfigurationPlatforms) = postSolution
		{D22DEC64-9FF8-4629-B8B8-2E12B423EBFB}.Debug|x64.ActiveCfg = Debug|x64
		{D22DEC64-9FF8-4629-B8B8-2E12B423EBFB}.Debug|x64.Build.0 = Debug|x64
		{D22DEC64-9FF8-4629-B8B8-2E12B423EBFB}.Release|x64.ActiveCfg = Release|x64
		{D22DEC64-9FF8-4629-B8B8-2E12B423EBFB}.Release|x64.Build.0 = Release|x64
	EndGlobalSection
	GlobalSection(SolutionProperties) = preSolution
		HideSolutionNode = FALSE
	EndGlobalSection
EndGlobal
